// !$*UTF8*$!
{
	archiveVersion = 1;
	classes = {
	};
	objectVersion = 51;
	objects = {

/* Begin PBXBuildFile section */
		CDD348B339D9CC7501B6ABC4 /* Pods_KupiBilet_Test.framework in Frameworks */ = {isa = PBXBuildFile; fileRef = 3BA7B76C69940C342136CEE8 /* Pods_KupiBilet_Test.framework */; };
		DD261FDB25330A0E00013A78 /* ListingDisconnectInfoCell.swift in Sources */ = {isa = PBXBuildFile; fileRef = DD261FDA25330A0E00013A78 /* ListingDisconnectInfoCell.swift */; };
		DD261FE125330EEA00013A78 /* ListingDisconnectInfoCellViewModel.swift in Sources */ = {isa = PBXBuildFile; fileRef = DD261FE025330EEA00013A78 /* ListingDisconnectInfoCellViewModel.swift */; };
		DD876093253313F0007839F5 /* ListingCellHeightProvider.swift in Sources */ = {isa = PBXBuildFile; fileRef = DD876092253313F0007839F5 /* ListingCellHeightProvider.swift */; };
		DD876097253313F9007839F5 /* ListingCellTypeProvider.swift in Sources */ = {isa = PBXBuildFile; fileRef = DD876096253313F9007839F5 /* ListingCellTypeProvider.swift */; };
		DD87609B25331442007839F5 /* Cache.swift in Sources */ = {isa = PBXBuildFile; fileRef = DD87609A25331442007839F5 /* Cache.swift */; };
		DD97016B2531A23000B26417 /* AppDelegate.swift in Sources */ = {isa = PBXBuildFile; fileRef = DD97016A2531A23000B26417 /* AppDelegate.swift */; };
		DD9701742531A23100B26417 /* Assets.xcassets in Resources */ = {isa = PBXBuildFile; fileRef = DD9701732531A23100B26417 /* Assets.xcassets */; };
		DD9701772531A23100B26417 /* LaunchScreen.storyboard in Resources */ = {isa = PBXBuildFile; fileRef = DD9701752531A23100B26417 /* LaunchScreen.storyboard */; };
		DD9701912531A90300B26417 /* AppAssembler.swift in Sources */ = {isa = PBXBuildFile; fileRef = DD9701902531A90200B26417 /* AppAssembler.swift */; };
		DD9701962531AA8900B26417 /* ListingAssembler.swift in Sources */ = {isa = PBXBuildFile; fileRef = DD9701952531AA8900B26417 /* ListingAssembler.swift */; };
		DD97019D2531AB7800B26417 /* ListingViewController.swift in Sources */ = {isa = PBXBuildFile; fileRef = DD97019C2531AB7800B26417 /* ListingViewController.swift */; };
		DD9701A02531AC2100B26417 /* ListingModelController.swift in Sources */ = {isa = PBXBuildFile; fileRef = DD97019F2531AC2100B26417 /* ListingModelController.swift */; };
		DD9701A82531AD9100B26417 /* ListingAPI.swift in Sources */ = {isa = PBXBuildFile; fileRef = DD9701A72531AD9100B26417 /* ListingAPI.swift */; };
		DD9701AC2531ADEB00B26417 /* AppConstants.swift in Sources */ = {isa = PBXBuildFile; fileRef = DD9701AB2531ADEB00B26417 /* AppConstants.swift */; };
		DD9701AF2531B00000B26417 /* ListingService.swift in Sources */ = {isa = PBXBuildFile; fileRef = DD9701AE2531B00000B26417 /* ListingService.swift */; };
		DD9701B32531B01A00B26417 /* ListingServiceImpl.swift in Sources */ = {isa = PBXBuildFile; fileRef = DD9701B22531B01A00B26417 /* ListingServiceImpl.swift */; };
		DD9701BB2531B60600B26417 /* ClassifiersResponse.swift in Sources */ = {isa = PBXBuildFile; fileRef = DD9701BA2531B60600B26417 /* ClassifiersResponse.swift */; };
		DD9701C02531B67500B26417 /* Classifier.swift in Sources */ = {isa = PBXBuildFile; fileRef = DD9701BF2531B67500B26417 /* Classifier.swift */; };
		DD9701C42531BBE700B26417 /* VoidResult.swift in Sources */ = {isa = PBXBuildFile; fileRef = DD9701C32531BBE700B26417 /* VoidResult.swift */; };
		DD9701E02531D50100B26417 /* LocalFilesProvider.swift in Sources */ = {isa = PBXBuildFile; fileRef = DD9701DF2531D50100B26417 /* LocalFilesProvider.swift */; };
		DD9701F82531EE7400B26417 /* DisconnectInfo.swift in Sources */ = {isa = PBXBuildFile; fileRef = DD9701F72531EE7400B26417 /* DisconnectInfo.swift */; };
		DD9701FD2531FB8E00B26417 /* TableViewCellHeightProvider.swift in Sources */ = {isa = PBXBuildFile; fileRef = DD9701FC2531FB8E00B26417 /* TableViewCellHeightProvider.swift */; };
		DD9702022531FBAF00B26417 /* TableViewCellTypeProvider.swift in Sources */ = {isa = PBXBuildFile; fileRef = DD9702012531FBAF00B26417 /* TableViewCellTypeProvider.swift */; };
		DD9702052531FBB600B26417 /* TableViewAdapter.swift in Sources */ = {isa = PBXBuildFile; fileRef = DD9702042531FBB600B26417 /* TableViewAdapter.swift */; };
		DD9702082531FBC300B26417 /* TableViewUpdater.swift in Sources */ = {isa = PBXBuildFile; fileRef = DD9702072531FBC300B26417 /* TableViewUpdater.swift */; };
		DD97020B2531FBCE00B26417 /* TableViewEvents.swift in Sources */ = {isa = PBXBuildFile; fileRef = DD97020A2531FBCE00B26417 /* TableViewEvents.swift */; };
		DD97020E2531FBD500B26417 /* ScrollViewEvents.swift in Sources */ = {isa = PBXBuildFile; fileRef = DD97020D2531FBD400B26417 /* ScrollViewEvents.swift */; };
		DD9702112531FBDF00B26417 /* TableViewCell.swift in Sources */ = {isa = PBXBuildFile; fileRef = DD9702102531FBDF00B26417 /* TableViewCell.swift */; };
		DD9702142531FBE800B26417 /* TableViewDirector.swift in Sources */ = {isa = PBXBuildFile; fileRef = DD9702132531FBE800B26417 /* TableViewDirector.swift */; };
		DD9702172531FC0700B26417 /* FallbackCell.swift in Sources */ = {isa = PBXBuildFile; fileRef = DD9702162531FC0700B26417 /* FallbackCell.swift */; };
		DD97021B2531FC3300B26417 /* TableViewCellViewModel.swift in Sources */ = {isa = PBXBuildFile; fileRef = DD97021A2531FC3300B26417 /* TableViewCellViewModel.swift */; };
		DD9702202532008200B26417 /* UITableView++.swift in Sources */ = {isa = PBXBuildFile; fileRef = DD97021F2532008200B26417 /* UITableView++.swift */; };
		DDEA46902533300B008E3C1B /* SFProDisplay-Medium.ttf in Resources */ = {isa = PBXBuildFile; fileRef = DDEA468D2533300B008E3C1B /* SFProDisplay-Medium.ttf */; };
		DDEA46912533300B008E3C1B /* SFProDisplay-Regular.ttf in Resources */ = {isa = PBXBuildFile; fileRef = DDEA468E2533300B008E3C1B /* SFProDisplay-Regular.ttf */; };
		DDEA46922533300B008E3C1B /* SFProDisplay-Bold.ttf in Resources */ = {isa = PBXBuildFile; fileRef = DDEA468F2533300B008E3C1B /* SFProDisplay-Bold.ttf */; };
		DDEA469525333060008E3C1B /* AppFont.swift in Sources */ = {isa = PBXBuildFile; fileRef = DDEA469425333060008E3C1B /* AppFont.swift */; };
/* End PBXBuildFile section */

/* Begin PBXFileReference section */
		3BA7B76C69940C342136CEE8 /* Pods_KupiBilet_Test.framework */ = {isa = PBXFileReference; explicitFileType = wrapper.framework; includeInIndex = 0; path = Pods_KupiBilet_Test.framework; sourceTree = BUILT_PRODUCTS_DIR; };
		C851D11680E9AF914C2D5102 /* Pods-KupiBilet Test.debug.xcconfig */ = {isa = PBXFileReference; includeInIndex = 1; lastKnownFileType = text.xcconfig; name = "Pods-KupiBilet Test.debug.xcconfig"; path = "Target Support Files/Pods-KupiBilet Test/Pods-KupiBilet Test.debug.xcconfig"; sourceTree = "<group>"; };
		D6AE504A2C3628DFC9385644 /* Pods-KupiBilet Test.release.xcconfig */ = {isa = PBXFileReference; includeInIndex = 1; lastKnownFileType = text.xcconfig; name = "Pods-KupiBilet Test.release.xcconfig"; path = "Target Support Files/Pods-KupiBilet Test/Pods-KupiBilet Test.release.xcconfig"; sourceTree = "<group>"; };
		DD261FDA25330A0E00013A78 /* ListingDisconnectInfoCell.swift */ = {isa = PBXFileReference; lastKnownFileType = sourcecode.swift; path = ListingDisconnectInfoCell.swift; sourceTree = "<group>"; };
		DD261FE025330EEA00013A78 /* ListingDisconnectInfoCellViewModel.swift */ = {isa = PBXFileReference; lastKnownFileType = sourcecode.swift; path = ListingDisconnectInfoCellViewModel.swift; sourceTree = "<group>"; };
		DD876092253313F0007839F5 /* ListingCellHeightProvider.swift */ = {isa = PBXFileReference; lastKnownFileType = sourcecode.swift; path = ListingCellHeightProvider.swift; sourceTree = "<group>"; };
		DD876096253313F9007839F5 /* ListingCellTypeProvider.swift */ = {isa = PBXFileReference; lastKnownFileType = sourcecode.swift; path = ListingCellTypeProvider.swift; sourceTree = "<group>"; };
		DD87609A25331442007839F5 /* Cache.swift */ = {isa = PBXFileReference; lastKnownFileType = sourcecode.swift; path = Cache.swift; sourceTree = "<group>"; };
		DD9701672531A23000B26417 /* KupiBilet Test.app */ = {isa = PBXFileReference; explicitFileType = wrapper.application; includeInIndex = 0; path = "KupiBilet Test.app"; sourceTree = BUILT_PRODUCTS_DIR; };
		DD97016A2531A23000B26417 /* AppDelegate.swift */ = {isa = PBXFileReference; lastKnownFileType = sourcecode.swift; path = AppDelegate.swift; sourceTree = "<group>"; };
		DD9701732531A23100B26417 /* Assets.xcassets */ = {isa = PBXFileReference; lastKnownFileType = folder.assetcatalog; path = Assets.xcassets; sourceTree = "<group>"; };
		DD9701762531A23100B26417 /* Base */ = {isa = PBXFileReference; lastKnownFileType = file.storyboard; name = Base; path = Base.lproj/LaunchScreen.storyboard; sourceTree = "<group>"; };
		DD9701782531A23100B26417 /* Info.plist */ = {isa = PBXFileReference; lastKnownFileType = text.plist.xml; path = Info.plist; sourceTree = "<group>"; };
		DD9701902531A90200B26417 /* AppAssembler.swift */ = {isa = PBXFileReference; lastKnownFileType = sourcecode.swift; path = AppAssembler.swift; sourceTree = "<group>"; };
		DD9701952531AA8900B26417 /* ListingAssembler.swift */ = {isa = PBXFileReference; lastKnownFileType = sourcecode.swift; path = ListingAssembler.swift; sourceTree = "<group>"; };
		DD97019C2531AB7800B26417 /* ListingViewController.swift */ = {isa = PBXFileReference; lastKnownFileType = sourcecode.swift; path = ListingViewController.swift; sourceTree = "<group>"; };
		DD97019F2531AC2100B26417 /* ListingModelController.swift */ = {isa = PBXFileReference; lastKnownFileType = sourcecode.swift; path = ListingModelController.swift; sourceTree = "<group>"; };
		DD9701A72531AD9100B26417 /* ListingAPI.swift */ = {isa = PBXFileReference; lastKnownFileType = sourcecode.swift; path = ListingAPI.swift; sourceTree = "<group>"; };
		DD9701AB2531ADEB00B26417 /* AppConstants.swift */ = {isa = PBXFileReference; lastKnownFileType = sourcecode.swift; path = AppConstants.swift; sourceTree = "<group>"; };
		DD9701AE2531B00000B26417 /* ListingService.swift */ = {isa = PBXFileReference; lastKnownFileType = sourcecode.swift; path = ListingService.swift; sourceTree = "<group>"; };
		DD9701B22531B01A00B26417 /* ListingServiceImpl.swift */ = {isa = PBXFileReference; lastKnownFileType = sourcecode.swift; path = ListingServiceImpl.swift; sourceTree = "<group>"; };
		DD9701BA2531B60600B26417 /* ClassifiersResponse.swift */ = {isa = PBXFileReference; lastKnownFileType = sourcecode.swift; path = ClassifiersResponse.swift; sourceTree = "<group>"; };
		DD9701BF2531B67500B26417 /* Classifier.swift */ = {isa = PBXFileReference; lastKnownFileType = sourcecode.swift; path = Classifier.swift; sourceTree = "<group>"; };
		DD9701C32531BBE700B26417 /* VoidResult.swift */ = {isa = PBXFileReference; lastKnownFileType = sourcecode.swift; path = VoidResult.swift; sourceTree = "<group>"; };
		DD9701DF2531D50100B26417 /* LocalFilesProvider.swift */ = {isa = PBXFileReference; lastKnownFileType = sourcecode.swift; path = LocalFilesProvider.swift; sourceTree = "<group>"; };
		DD9701F72531EE7400B26417 /* DisconnectInfo.swift */ = {isa = PBXFileReference; lastKnownFileType = sourcecode.swift; path = DisconnectInfo.swift; sourceTree = "<group>"; };
		DD9701FC2531FB8E00B26417 /* TableViewCellHeightProvider.swift */ = {isa = PBXFileReference; lastKnownFileType = sourcecode.swift; path = TableViewCellHeightProvider.swift; sourceTree = "<group>"; };
		DD9702012531FBAF00B26417 /* TableViewCellTypeProvider.swift */ = {isa = PBXFileReference; lastKnownFileType = sourcecode.swift; path = TableViewCellTypeProvider.swift; sourceTree = "<group>"; };
		DD9702042531FBB600B26417 /* TableViewAdapter.swift */ = {isa = PBXFileReference; lastKnownFileType = sourcecode.swift; path = TableViewAdapter.swift; sourceTree = "<group>"; };
		DD9702072531FBC300B26417 /* TableViewUpdater.swift */ = {isa = PBXFileReference; lastKnownFileType = sourcecode.swift; path = TableViewUpdater.swift; sourceTree = "<group>"; };
		DD97020A2531FBCE00B26417 /* TableViewEvents.swift */ = {isa = PBXFileReference; lastKnownFileType = sourcecode.swift; path = TableViewEvents.swift; sourceTree = "<group>"; };
		DD97020D2531FBD400B26417 /* ScrollViewEvents.swift */ = {isa = PBXFileReference; lastKnownFileType = sourcecode.swift; path = ScrollViewEvents.swift; sourceTree = "<group>"; };
		DD9702102531FBDF00B26417 /* TableViewCell.swift */ = {isa = PBXFileReference; lastKnownFileType = sourcecode.swift; path = TableViewCell.swift; sourceTree = "<group>"; };
		DD9702132531FBE800B26417 /* TableViewDirector.swift */ = {isa = PBXFileReference; lastKnownFileType = sourcecode.swift; path = TableViewDirector.swift; sourceTree = "<group>"; };
		DD9702162531FC0700B26417 /* FallbackCell.swift */ = {isa = PBXFileReference; lastKnownFileType = sourcecode.swift; path = FallbackCell.swift; sourceTree = "<group>"; };
		DD97021A2531FC3300B26417 /* TableViewCellViewModel.swift */ = {isa = PBXFileReference; lastKnownFileType = sourcecode.swift; path = TableViewCellViewModel.swift; sourceTree = "<group>"; };
		DD97021F2532008200B26417 /* UITableView++.swift */ = {isa = PBXFileReference; lastKnownFileType = sourcecode.swift; path = "UITableView++.swift"; sourceTree = "<group>"; };
		DDEA468D2533300B008E3C1B /* SFProDisplay-Medium.ttf */ = {isa = PBXFileReference; lastKnownFileType = file; path = "SFProDisplay-Medium.ttf"; sourceTree = "<group>"; };
		DDEA468E2533300B008E3C1B /* SFProDisplay-Regular.ttf */ = {isa = PBXFileReference; lastKnownFileType = file; path = "SFProDisplay-Regular.ttf"; sourceTree = "<group>"; };
		DDEA468F2533300B008E3C1B /* SFProDisplay-Bold.ttf */ = {isa = PBXFileReference; lastKnownFileType = file; path = "SFProDisplay-Bold.ttf"; sourceTree = "<group>"; };
		DDEA469425333060008E3C1B /* AppFont.swift */ = {isa = PBXFileReference; lastKnownFileType = sourcecode.swift; path = AppFont.swift; sourceTree = "<group>"; };
/* End PBXFileReference section */

/* Begin PBXFrameworksBuildPhase section */
		DD9701642531A23000B26417 /* Frameworks */ = {
			isa = PBXFrameworksBuildPhase;
			buildActionMask = 2147483647;
			files = (
				CDD348B339D9CC7501B6ABC4 /* Pods_KupiBilet_Test.framework in Frameworks */,
			);
			runOnlyForDeploymentPostprocessing = 0;
		};
/* End PBXFrameworksBuildPhase section */

/* Begin PBXGroup section */
		953F535D7A9789729F258761 /* Frameworks */ = {
			isa = PBXGroup;
			children = (
				3BA7B76C69940C342136CEE8 /* Pods_KupiBilet_Test.framework */,
			);
			name = Frameworks;
			sourceTree = "<group>";
		};
		A7806637540855BC1787AAB4 /* Pods */ = {
			isa = PBXGroup;
			children = (
				C851D11680E9AF914C2D5102 /* Pods-KupiBilet Test.debug.xcconfig */,
				D6AE504A2C3628DFC9385644 /* Pods-KupiBilet Test.release.xcconfig */,
			);
			path = Pods;
			sourceTree = "<group>";
		};
		DD261FD9253309F100013A78 /* Cells */ = {
			isa = PBXGroup;
			children = (
				DD261FDF25330ED000013A78 /* ListingDisconnectInfoCell */,
			);
			path = Cells;
			sourceTree = "<group>";
		};
		DD261FDF25330ED000013A78 /* ListingDisconnectInfoCell */ = {
			isa = PBXGroup;
			children = (
				DD261FDA25330A0E00013A78 /* ListingDisconnectInfoCell.swift */,
				DD261FE025330EEA00013A78 /* ListingDisconnectInfoCellViewModel.swift */,
			);
			path = ListingDisconnectInfoCell;
			sourceTree = "<group>";
		};
		DD8760992533143C007839F5 /* Utils */ = {
			isa = PBXGroup;
			children = (
				DD87609A25331442007839F5 /* Cache.swift */,
			);
			path = Utils;
			sourceTree = "<group>";
		};
		DD97015E2531A23000B26417 = {
			isa = PBXGroup;
			children = (
				DD9701692531A23000B26417 /* KupiBilet Test */,
				DD9701682531A23000B26417 /* Products */,
				A7806637540855BC1787AAB4 /* Pods */,
				953F535D7A9789729F258761 /* Frameworks */,
			);
			sourceTree = "<group>";
		};
		DD9701682531A23000B26417 /* Products */ = {
			isa = PBXGroup;
			children = (
				DD9701672531A23000B26417 /* KupiBilet Test.app */,
			);
			name = Products;
			sourceTree = "<group>";
		};
		DD9701692531A23000B26417 /* KupiBilet Test */ = {
			isa = PBXGroup;
			children = (
				DD9701812531A36900B26417 /* Application */,
				DD97021E2532007A00B26417 /* Extensions */,
				DD9701932531AA2900B26417 /* Modules */,
				DD9701A32531AD3700B26417 /* Network */,
				DD9701FA2531FB4200B26417 /* Packages */,
				DD9701DE2531D4D600B26417 /* Persistence */,
				DD9701822531A37F00B26417 /* Resources */,
				DD9701832531A38300B26417 /* Supporting */,
			);
			path = "KupiBilet Test";
			sourceTree = "<group>";
		};
		DD9701812531A36900B26417 /* Application */ = {
			isa = PBXGroup;
			children = (
				DD9701902531A90200B26417 /* AppAssembler.swift */,
				DD9701AB2531ADEB00B26417 /* AppConstants.swift */,
				DD97016A2531A23000B26417 /* AppDelegate.swift */,
				DDEA469425333060008E3C1B /* AppFont.swift */,
			);
			path = Application;
			sourceTree = "<group>";
		};
		DD9701822531A37F00B26417 /* Resources */ = {
			isa = PBXGroup;
			children = (
				DDEA468C25332FCA008E3C1B /* Fonts */,
				DD9701732531A23100B26417 /* Assets.xcassets */,
			);
			path = Resources;
			sourceTree = "<group>";
		};
		DD9701832531A38300B26417 /* Supporting */ = {
			isa = PBXGroup;
			children = (
				DD9701782531A23100B26417 /* Info.plist */,
				DD9701752531A23100B26417 /* LaunchScreen.storyboard */,
			);
			path = Supporting;
			sourceTree = "<group>";
		};
		DD9701932531AA2900B26417 /* Modules */ = {
			isa = PBXGroup;
			children = (
				DD9701942531AA4200B26417 /* Listing */,
			);
			path = Modules;
			sourceTree = "<group>";
		};
		DD9701942531AA4200B26417 /* Listing */ = {
			isa = PBXGroup;
			children = (
				DD261FD9253309F100013A78 /* Cells */,
				DD9701952531AA8900B26417 /* ListingAssembler.swift */,
				DD876092253313F0007839F5 /* ListingCellHeightProvider.swift */,
				DD876096253313F9007839F5 /* ListingCellTypeProvider.swift */,
				DD97019F2531AC2100B26417 /* ListingModelController.swift */,
				DD97019C2531AB7800B26417 /* ListingViewController.swift */,
			);
			path = Listing;
			sourceTree = "<group>";
		};
		DD9701A32531AD3700B26417 /* Network */ = {
			isa = PBXGroup;
			children = (
				DD9701A42531AD6D00B26417 /* APIs */,
				DD9701A52531AD7500B26417 /* Models */,
				DD9701A62531AD7A00B26417 /* Services */,
				DD9701C32531BBE700B26417 /* VoidResult.swift */,
			);
			path = Network;
			sourceTree = "<group>";
		};
		DD9701A42531AD6D00B26417 /* APIs */ = {
			isa = PBXGroup;
			children = (
				DD9701A72531AD9100B26417 /* ListingAPI.swift */,
			);
			path = APIs;
			sourceTree = "<group>";
		};
		DD9701A52531AD7500B26417 /* Models */ = {
			isa = PBXGroup;
			children = (
				DD9701BA2531B60600B26417 /* ClassifiersResponse.swift */,
				DD9701BF2531B67500B26417 /* Classifier.swift */,
			);
			path = Models;
			sourceTree = "<group>";
		};
		DD9701A62531AD7A00B26417 /* Services */ = {
			isa = PBXGroup;
			children = (
				DD9701B12531B00E00B26417 /* ListingService */,
			);
			path = Services;
			sourceTree = "<group>";
		};
		DD9701B12531B00E00B26417 /* ListingService */ = {
			isa = PBXGroup;
			children = (
				DD9701AE2531B00000B26417 /* ListingService.swift */,
				DD9701B22531B01A00B26417 /* ListingServiceImpl.swift */,
			);
			path = ListingService;
			sourceTree = "<group>";
		};
		DD9701DE2531D4D600B26417 /* Persistence */ = {
			isa = PBXGroup;
			children = (
				DD9701F62531EE4300B26417 /* Models */,
				DD9701DF2531D50100B26417 /* LocalFilesProvider.swift */,
			);
			path = Persistence;
			sourceTree = "<group>";
		};
		DD9701F62531EE4300B26417 /* Models */ = {
			isa = PBXGroup;
			children = (
				DD9701F72531EE7400B26417 /* DisconnectInfo.swift */,
			);
			path = Models;
			sourceTree = "<group>";
		};
		DD9701FA2531FB4200B26417 /* Packages */ = {
			isa = PBXGroup;
			children = (
				DD8760992533143C007839F5 /* Utils */,
				DD9701FB2531FB5300B26417 /* TableView */,
			);
			path = Packages;
			sourceTree = "<group>";
		};
		DD9701FB2531FB5300B26417 /* TableView */ = {
			isa = PBXGroup;
			children = (
				DD9702162531FC0700B26417 /* FallbackCell.swift */,
				DD97020D2531FBD400B26417 /* ScrollViewEvents.swift */,
				DD9702042531FBB600B26417 /* TableViewAdapter.swift */,
				DD9702102531FBDF00B26417 /* TableViewCell.swift */,
				DD9701FC2531FB8E00B26417 /* TableViewCellHeightProvider.swift */,
				DD9702012531FBAF00B26417 /* TableViewCellTypeProvider.swift */,
				DD97021A2531FC3300B26417 /* TableViewCellViewModel.swift */,
				DD9702132531FBE800B26417 /* TableViewDirector.swift */,
				DD97020A2531FBCE00B26417 /* TableViewEvents.swift */,
				DD9702072531FBC300B26417 /* TableViewUpdater.swift */,
			);
			path = TableView;
			sourceTree = "<group>";
		};
		DD97021E2532007A00B26417 /* Extensions */ = {
			isa = PBXGroup;
			children = (
				DD97021F2532008200B26417 /* UITableView++.swift */,
			);
			path = Extensions;
			sourceTree = "<group>";
		};
		DDEA468C25332FCA008E3C1B /* Fonts */ = {
			isa = PBXGroup;
			children = (
				DDEA468F2533300B008E3C1B /* SFProDisplay-Bold.ttf */,
				DDEA468D2533300B008E3C1B /* SFProDisplay-Medium.ttf */,
				DDEA468E2533300B008E3C1B /* SFProDisplay-Regular.ttf */,
			);
			path = Fonts;
			sourceTree = "<group>";
		};
/* End PBXGroup section */

/* Begin PBXNativeTarget section */
		DD9701662531A23000B26417 /* KupiBilet Test */ = {
			isa = PBXNativeTarget;
			buildConfigurationList = DD97017B2531A23100B26417 /* Build configuration list for PBXNativeTarget "KupiBilet Test" */;
			buildPhases = (
				80C27FCF1F5800F224F3E5F6 /* [CP] Check Pods Manifest.lock */,
				DD9701632531A23000B26417 /* Sources */,
				DD9701642531A23000B26417 /* Frameworks */,
				DD9701652531A23000B26417 /* Resources */,
				F5415C8FEE489569DFBBF9F5 /* [CP] Embed Pods Frameworks */,
			);
			buildRules = (
			);
			dependencies = (
			);
			name = "KupiBilet Test";
			productName = "KupiBilet Test";
			productReference = DD9701672531A23000B26417 /* KupiBilet Test.app */;
			productType = "com.apple.product-type.application";
		};
/* End PBXNativeTarget section */

/* Begin PBXProject section */
		DD97015F2531A23000B26417 /* Project object */ = {
			isa = PBXProject;
			attributes = {
				LastSwiftUpdateCheck = 1200;
				LastUpgradeCheck = 1200;
				TargetAttributes = {
					DD9701662531A23000B26417 = {
						CreatedOnToolsVersion = 12.0.1;
					};
				};
			};
			buildConfigurationList = DD9701622531A23000B26417 /* Build configuration list for PBXProject "KupiBilet Test" */;
			compatibilityVersion = "Xcode 9.3";
			developmentRegion = en;
			hasScannedForEncodings = 0;
			knownRegions = (
				en,
				Base,
			);
			mainGroup = DD97015E2531A23000B26417;
			productRefGroup = DD9701682531A23000B26417 /* Products */;
			projectDirPath = "";
			projectRoot = "";
			targets = (
				DD9701662531A23000B26417 /* KupiBilet Test */,
			);
		};
/* End PBXProject section */

/* Begin PBXResourcesBuildPhase section */
		DD9701652531A23000B26417 /* Resources */ = {
			isa = PBXResourcesBuildPhase;
			buildActionMask = 2147483647;
			files = (
				DD9701772531A23100B26417 /* LaunchScreen.storyboard in Resources */,
				DD9701742531A23100B26417 /* Assets.xcassets in Resources */,
				DDEA46922533300B008E3C1B /* SFProDisplay-Bold.ttf in Resources */,
				DDEA46902533300B008E3C1B /* SFProDisplay-Medium.ttf in Resources */,
				DDEA46912533300B008E3C1B /* SFProDisplay-Regular.ttf in Resources */,
			);
			runOnlyForDeploymentPostprocessing = 0;
		};
/* End PBXResourcesBuildPhase section */

/* Begin PBXShellScriptBuildPhase section */
		80C27FCF1F5800F224F3E5F6 /* [CP] Check Pods Manifest.lock */ = {
			isa = PBXShellScriptBuildPhase;
			buildActionMask = 2147483647;
			files = (
			);
			inputFileListPaths = (
			);
			inputPaths = (
				"${PODS_PODFILE_DIR_PATH}/Podfile.lock",
				"${PODS_ROOT}/Manifest.lock",
			);
			name = "[CP] Check Pods Manifest.lock";
			outputFileListPaths = (
			);
			outputPaths = (
				"$(DERIVED_FILE_DIR)/Pods-KupiBilet Test-checkManifestLockResult.txt",
			);
			runOnlyForDeploymentPostprocessing = 0;
			shellPath = /bin/sh;
			shellScript = "diff \"${PODS_PODFILE_DIR_PATH}/Podfile.lock\" \"${PODS_ROOT}/Manifest.lock\" > /dev/null\nif [ $? != 0 ] ; then\n    # print error to STDERR\n    echo \"error: The sandbox is not in sync with the Podfile.lock. Run 'pod install' or update your CocoaPods installation.\" >&2\n    exit 1\nfi\n# This output is used by Xcode 'outputs' to avoid re-running this script phase.\necho \"SUCCESS\" > \"${SCRIPT_OUTPUT_FILE_0}\"\n";
			showEnvVarsInLog = 0;
		};
		F5415C8FEE489569DFBBF9F5 /* [CP] Embed Pods Frameworks */ = {
			isa = PBXShellScriptBuildPhase;
			buildActionMask = 2147483647;
			files = (
			);
			inputFileListPaths = (
				"${PODS_ROOT}/Target Support Files/Pods-KupiBilet Test/Pods-KupiBilet Test-frameworks-${CONFIGURATION}-input-files.xcfilelist",
			);
			name = "[CP] Embed Pods Frameworks";
			outputFileListPaths = (
				"${PODS_ROOT}/Target Support Files/Pods-KupiBilet Test/Pods-KupiBilet Test-frameworks-${CONFIGURATION}-output-files.xcfilelist",
			);
			runOnlyForDeploymentPostprocessing = 0;
			shellPath = /bin/sh;
			shellScript = "\"${PODS_ROOT}/Target Support Files/Pods-KupiBilet Test/Pods-KupiBilet Test-frameworks.sh\"\n";
			showEnvVarsInLog = 0;
		};
/* End PBXShellScriptBuildPhase section */

/* Begin PBXSourcesBuildPhase section */
		DD9701632531A23000B26417 /* Sources */ = {
			isa = PBXSourcesBuildPhase;
			buildActionMask = 2147483647;
			files = (
				DD9701AF2531B00000B26417 /* ListingService.swift in Sources */,
				DD9702142531FBE800B26417 /* TableViewDirector.swift in Sources */,
				DD9701F82531EE7400B26417 /* DisconnectInfo.swift in Sources */,
				DD97020B2531FBCE00B26417 /* TableViewEvents.swift in Sources */,
				DD876093253313F0007839F5 /* ListingCellHeightProvider.swift in Sources */,
				DD9701BB2531B60600B26417 /* ClassifiersResponse.swift in Sources */,
				DD9701AC2531ADEB00B26417 /* AppConstants.swift in Sources */,
				DD876097253313F9007839F5 /* ListingCellTypeProvider.swift in Sources */,
				DD97021B2531FC3300B26417 /* TableViewCellViewModel.swift in Sources */,
				DD9701962531AA8900B26417 /* ListingAssembler.swift in Sources */,
				DD261FE125330EEA00013A78 /* ListingDisconnectInfoCellViewModel.swift in Sources */,
				DD9701C02531B67500B26417 /* Classifier.swift in Sources */,
				DD9702202532008200B26417 /* UITableView++.swift in Sources */,
				DD9702172531FC0700B26417 /* FallbackCell.swift in Sources */,
				DD9701A02531AC2100B26417 /* ListingModelController.swift in Sources */,
				DD9702082531FBC300B26417 /* TableViewUpdater.swift in Sources */,
				DD87609B25331442007839F5 /* Cache.swift in Sources */,
				DD97019D2531AB7800B26417 /* ListingViewController.swift in Sources */,
				DD9701E02531D50100B26417 /* LocalFilesProvider.swift in Sources */,
				DDEA469525333060008E3C1B /* AppFont.swift in Sources */,
				DD9702052531FBB600B26417 /* TableViewAdapter.swift in Sources */,
				DD9702112531FBDF00B26417 /* TableViewCell.swift in Sources */,
				DD97020E2531FBD500B26417 /* ScrollViewEvents.swift in Sources */,
				DD261FDB25330A0E00013A78 /* ListingDisconnectInfoCell.swift in Sources */,
				DD97016B2531A23000B26417 /* AppDelegate.swift in Sources */,
				DD9702022531FBAF00B26417 /* TableViewCellTypeProvider.swift in Sources */,
				DD9701FD2531FB8E00B26417 /* TableViewCellHeightProvider.swift in Sources */,
				DD9701912531A90300B26417 /* AppAssembler.swift in Sources */,
				DD9701B32531B01A00B26417 /* ListingServiceImpl.swift in Sources */,
				DD9701A82531AD9100B26417 /* ListingAPI.swift in Sources */,
				DD9701C42531BBE700B26417 /* VoidResult.swift in Sources */,
			);
			runOnlyForDeploymentPostprocessing = 0;
		};
/* End PBXSourcesBuildPhase section */

/* Begin PBXVariantGroup section */
		DD9701752531A23100B26417 /* LaunchScreen.storyboard */ = {
			isa = PBXVariantGroup;
			children = (
				DD9701762531A23100B26417 /* Base */,
			);
			name = LaunchScreen.storyboard;
			sourceTree = "<group>";
		};
/* End PBXVariantGroup section */

/* Begin XCBuildConfiguration section */
		DD9701792531A23100B26417 /* Debug */ = {
			isa = XCBuildConfiguration;
			buildSettings = {
				ALWAYS_SEARCH_USER_PATHS = NO;
				CLANG_ANALYZER_NONNULL = YES;
				CLANG_ANALYZER_NUMBER_OBJECT_CONVERSION = YES_AGGRESSIVE;
				CLANG_CXX_LANGUAGE_STANDARD = "gnu++14";
				CLANG_CXX_LIBRARY = "libc++";
				CLANG_ENABLE_MODULES = YES;
				CLANG_ENABLE_OBJC_ARC = YES;
				CLANG_ENABLE_OBJC_WEAK = YES;
				CLANG_WARN_BLOCK_CAPTURE_AUTORELEASING = YES;
				CLANG_WARN_BOOL_CONVERSION = YES;
				CLANG_WARN_COMMA = YES;
				CLANG_WARN_CONSTANT_CONVERSION = YES;
				CLANG_WARN_DEPRECATED_OBJC_IMPLEMENTATIONS = YES;
				CLANG_WARN_DIRECT_OBJC_ISA_USAGE = YES_ERROR;
				CLANG_WARN_DOCUMENTATION_COMMENTS = YES;
				CLANG_WARN_EMPTY_BODY = YES;
				CLANG_WARN_ENUM_CONVERSION = YES;
				CLANG_WARN_INFINITE_RECURSION = YES;
				CLANG_WARN_INT_CONVERSION = YES;
				CLANG_WARN_NON_LITERAL_NULL_CONVERSION = YES;
				CLANG_WARN_OBJC_IMPLICIT_RETAIN_SELF = YES;
				CLANG_WARN_OBJC_LITERAL_CONVERSION = YES;
				CLANG_WARN_OBJC_ROOT_CLASS = YES_ERROR;
				CLANG_WARN_QUOTED_INCLUDE_IN_FRAMEWORK_HEADER = YES;
				CLANG_WARN_RANGE_LOOP_ANALYSIS = YES;
				CLANG_WARN_STRICT_PROTOTYPES = YES;
				CLANG_WARN_SUSPICIOUS_MOVE = YES;
				CLANG_WARN_UNGUARDED_AVAILABILITY = YES_AGGRESSIVE;
				CLANG_WARN_UNREACHABLE_CODE = YES;
				CLANG_WARN__DUPLICATE_METHOD_MATCH = YES;
				COPY_PHASE_STRIP = NO;
				DEBUG_INFORMATION_FORMAT = dwarf;
				ENABLE_STRICT_OBJC_MSGSEND = YES;
				ENABLE_TESTABILITY = YES;
				GCC_C_LANGUAGE_STANDARD = gnu11;
				GCC_DYNAMIC_NO_PIC = NO;
				GCC_NO_COMMON_BLOCKS = YES;
				GCC_OPTIMIZATION_LEVEL = 0;
				GCC_PREPROCESSOR_DEFINITIONS = (
					"DEBUG=1",
					"$(inherited)",
				);
				GCC_WARN_64_TO_32_BIT_CONVERSION = YES;
				GCC_WARN_ABOUT_RETURN_TYPE = YES_ERROR;
				GCC_WARN_UNDECLARED_SELECTOR = YES;
				GCC_WARN_UNINITIALIZED_AUTOS = YES_AGGRESSIVE;
				GCC_WARN_UNUSED_FUNCTION = YES;
				GCC_WARN_UNUSED_VARIABLE = YES;
				IPHONEOS_DEPLOYMENT_TARGET = 10.0;
				MTL_ENABLE_DEBUG_INFO = INCLUDE_SOURCE;
				MTL_FAST_MATH = YES;
				ONLY_ACTIVE_ARCH = YES;
				SDKROOT = iphoneos;
				SWIFT_ACTIVE_COMPILATION_CONDITIONS = DEBUG;
				SWIFT_OPTIMIZATION_LEVEL = "-Onone";
			};
			name = Debug;
		};
		DD97017A2531A23100B26417 /* Release */ = {
			isa = XCBuildConfiguration;
			buildSettings = {
				ALWAYS_SEARCH_USER_PATHS = NO;
				CLANG_ANALYZER_NONNULL = YES;
				CLANG_ANALYZER_NUMBER_OBJECT_CONVERSION = YES_AGGRESSIVE;
				CLANG_CXX_LANGUAGE_STANDARD = "gnu++14";
				CLANG_CXX_LIBRARY = "libc++";
				CLANG_ENABLE_MODULES = YES;
				CLANG_ENABLE_OBJC_ARC = YES;
				CLANG_ENABLE_OBJC_WEAK = YES;
				CLANG_WARN_BLOCK_CAPTURE_AUTORELEASING = YES;
				CLANG_WARN_BOOL_CONVERSION = YES;
				CLANG_WARN_COMMA = YES;
				CLANG_WARN_CONSTANT_CONVERSION = YES;
				CLANG_WARN_DEPRECATED_OBJC_IMPLEMENTATIONS = YES;
				CLANG_WARN_DIRECT_OBJC_ISA_USAGE = YES_ERROR;
				CLANG_WARN_DOCUMENTATION_COMMENTS = YES;
				CLANG_WARN_EMPTY_BODY = YES;
				CLANG_WARN_ENUM_CONVERSION = YES;
				CLANG_WARN_INFINITE_RECURSION = YES;
				CLANG_WARN_INT_CONVERSION = YES;
				CLANG_WARN_NON_LITERAL_NULL_CONVERSION = YES;
				CLANG_WARN_OBJC_IMPLICIT_RETAIN_SELF = YES;
				CLANG_WARN_OBJC_LITERAL_CONVERSION = YES;
				CLANG_WARN_OBJC_ROOT_CLASS = YES_ERROR;
				CLANG_WARN_QUOTED_INCLUDE_IN_FRAMEWORK_HEADER = YES;
				CLANG_WARN_RANGE_LOOP_ANALYSIS = YES;
				CLANG_WARN_STRICT_PROTOTYPES = YES;
				CLANG_WARN_SUSPICIOUS_MOVE = YES;
				CLANG_WARN_UNGUARDED_AVAILABILITY = YES_AGGRESSIVE;
				CLANG_WARN_UNREACHABLE_CODE = YES;
				CLANG_WARN__DUPLICATE_METHOD_MATCH = YES;
				COPY_PHASE_STRIP = NO;
				DEBUG_INFORMATION_FORMAT = "dwarf-with-dsym";
				ENABLE_NS_ASSERTIONS = NO;
				ENABLE_STRICT_OBJC_MSGSEND = YES;
				GCC_C_LANGUAGE_STANDARD = gnu11;
				GCC_NO_COMMON_BLOCKS = YES;
				GCC_WARN_64_TO_32_BIT_CONVERSION = YES;
				GCC_WARN_ABOUT_RETURN_TYPE = YES_ERROR;
				GCC_WARN_UNDECLARED_SELECTOR = YES;
				GCC_WARN_UNINITIALIZED_AUTOS = YES_AGGRESSIVE;
				GCC_WARN_UNUSED_FUNCTION = YES;
				GCC_WARN_UNUSED_VARIABLE = YES;
				IPHONEOS_DEPLOYMENT_TARGET = 10.0;
				MTL_ENABLE_DEBUG_INFO = NO;
				MTL_FAST_MATH = YES;
				SDKROOT = iphoneos;
				SWIFT_COMPILATION_MODE = wholemodule;
				SWIFT_OPTIMIZATION_LEVEL = "-O";
				VALIDATE_PRODUCT = YES;
			};
			name = Release;
		};
		DD97017C2531A23100B26417 /* Debug */ = {
			isa = XCBuildConfiguration;
			baseConfigurationReference = C851D11680E9AF914C2D5102 /* Pods-KupiBilet Test.debug.xcconfig */;
			buildSettings = {
				ASSETCATALOG_COMPILER_APPICON_NAME = AppIcon;
				ASSETCATALOG_COMPILER_GLOBAL_ACCENT_COLOR_NAME = AccentColor;
				CODE_SIGN_STYLE = Automatic;
				DEVELOPMENT_TEAM = QZTJ8W8QRE;
				INFOPLIST_FILE = "$(SRCROOT)/KupiBilet Test/Supporting/Info.plist";
				IPHONEOS_DEPLOYMENT_TARGET = 10.0;
				LD_RUNPATH_SEARCH_PATHS = (
					"$(inherited)",
					"@executable_path/Frameworks",
				);
				PRODUCT_BUNDLE_IDENTIFIER = "un0dvend1g.KupiBilet-Test";
				PRODUCT_NAME = "$(TARGET_NAME)";
				SWIFT_VERSION = 5.0;
				TARGETED_DEVICE_FAMILY = 1;
			};
			name = Debug;
		};
		DD97017D2531A23100B26417 /* Release */ = {
			isa = XCBuildConfiguration;
			baseConfigurationReference = D6AE504A2C3628DFC9385644 /* Pods-KupiBilet Test.release.xcconfig */;
			buildSettings = {
				ASSETCATALOG_COMPILER_APPICON_NAME = AppIcon;
				ASSETCATALOG_COMPILER_GLOBAL_ACCENT_COLOR_NAME = AccentColor;
				CODE_SIGN_STYLE = Automatic;
				DEVELOPMENT_TEAM = QZTJ8W8QRE;
				INFOPLIST_FILE = "$(SRCROOT)/KupiBilet Test/Supporting/Info.plist";
				IPHONEOS_DEPLOYMENT_TARGET = 10.0;
				LD_RUNPATH_SEARCH_PATHS = (
					"$(inherited)",
					"@executable_path/Frameworks",
				);
				PRODUCT_BUNDLE_IDENTIFIER = "un0dvend1g.KupiBilet-Test";
				PRODUCT_NAME = "$(TARGET_NAME)";
				SWIFT_VERSION = 5.0;
				TARGETED_DEVICE_FAMILY = 1;
			};
			name = Release;
		};
/* End XCBuildConfiguration section */

/* Begin XCConfigurationList section */
		DD9701622531A23000B26417 /* Build configuration list for PBXProject "KupiBilet Test" */ = {
			isa = XCConfigurationList;
			buildConfigurations = (
				DD9701792531A23100B26417 /* Debug */,
				DD97017A2531A23100B26417 /* Release */,
			);
			defaultConfigurationIsVisible = 0;
			defaultConfigurationName = Release;
		};
		DD97017B2531A23100B26417 /* Build configuration list for PBXNativeTarget "KupiBilet Test" */ = {
			isa = XCConfigurationList;
			buildConfigurations = (
				DD97017C2531A23100B26417 /* Debug */,
				DD97017D2531A23100B26417 /* Release */,
			);
			defaultConfigurationIsVisible = 0;
			defaultConfigurationName = Release;
		};
/* End XCConfigurationList section */
	};
	rootObject = DD97015F2531A23000B26417 /* Project object */;
}
